<?xml version="1.0" encoding="utf-8"?>
<Project ToolsVersion="4.0" xmlns="http://schemas.microsoft.com/developer/msbuild/2003">
  <ItemGroup>
    <Filter Include="源文件">
      <UniqueIdentifier>{4FC737F1-C7A5-4376-A066-2A32D752A2FF}</UniqueIdentifier>
      <Extensions>cpp;c;cc;cxx;c++;cppm;ixx;def;odl;idl;hpj;bat;asm;asmx</Extensions>
    </Filter>
    <Filter Include="头文件">
      <UniqueIdentifier>{93995380-89BD-4b04-88EB-625FBE52EBFB}</UniqueIdentifier>
      <Extensions>h;hh;hpp;hxx;h++;hm;inl;inc;ipp;xsd</Extensions>
    </Filter>
    <Filter Include="资源文件">
      <UniqueIdentifier>{67DA6AB6-F800-4c08-8B7A-83BB121AAD01}</UniqueIdentifier>
      <Extensions>rc;ico;cur;bmp;dlg;rc2;rct;bin;rgs;gif;jpg;jpeg;jpe;resx;tiff;tif;png;wav;mfcribbon-ms</Extensions>
    </Filter>
  </ItemGroup>
  <ItemGroup>
    <ClCompile Include="framework\dllmain.cpp">
      <Filter>源文件</Filter>
    </ClCompile>
    <ClCompile Include="cheat\main.cpp">
      <Filter>源文件</Filter>
    </ClCompile>
    <ClCompile Include="cheat\features\misc\Hotkeys\Hotkeys.cpp">
      <Filter>源文件</Filter>
    </ClCompile>
    <ClCompile Include="cheat\features\misc\About\About.cpp">
      <Filter>源文件</Filter>
    </ClCompile>
    <ClCompile Include="cheat\features.cpp">
      <Filter>源文件</Filter>
    </ClCompile>
    <ClCompile Include="cheat\features\misc\Debug\Debug.cpp">
      <Filter>源文件</Filter>
    </ClCompile>
    <ClCompile Include="cheat\features\misc\Debug\DllDebug.cpp">
      <Filter>源文件</Filter>
    </ClCompile>
    <ClCompile Include="cheat\features\misc\Camera\CameraList.cpp">
      <Filter>源文件</Filter>
    </ClCompile>
    <ClCompile Include="cheat\features\pickitem\esp\PickitemEsp.cpp">
      <Filter>源文件</Filter>
    </ClCompile>
    <ClCompile Include="cheat\features\pickitem\list\PickitemList.cpp">
      <Filter>源文件</Filter>
    </ClCompile>
    <ClCompile Include="cheat\features\role\esp\RoleEsp.cpp">
      <Filter>源文件</Filter>
    </ClCompile>
    <ClCompile Include="cheat\features\role\list\RoleList.cpp">
      <Filter>源文件</Filter>
    </ClCompile>
  </ItemGroup>
  <ItemGroup>
    <ClInclude Include="cheat\main.h">
      <Filter>头文件</Filter>
    </ClInclude>
    <ClInclude Include="Resource\resource.h">
      <Filter>头文件</Filter>
    </ClInclude>
    <ClInclude Include="cheat\features\misc\Hotkeys\Hotkeys.h">
      <Filter>头文件</Filter>
    </ClInclude>
    <ClInclude Include="cheat\features\misc\About\About.h">
      <Filter>头文件</Filter>
    </ClInclude>
    <ClInclude Include="cheat\features.h">
      <Filter>头文件</Filter>
    </ClInclude>
    <ClInclude Include="cheat\features\misc\Debug\Debug.h">
      <Filter>头文件</Filter>
    </ClInclude>
    <ClInclude Include="cheat\features\misc\Debug\DllDebug.h">
      <Filter>头文件</Filter>
    </ClInclude>
    <ClInclude Include="cheat\CLASS\AnimatorControl.h">
      <Filter>头文件</Filter>
    </ClInclude>
    <ClInclude Include="cheat\CLASS\BulletSpeedAndGravity.h">
      <Filter>头文件</Filter>
    </ClInclude>
    <ClInclude Include="cheat\CLASS\Car.h">
      <Filter>头文件</Filter>
    </ClInclude>
    <ClInclude Include="cheat\CLASS\CarNet.h">
      <Filter>头文件</Filter>
    </ClInclude>
    <ClInclude Include="cheat\CLASS\HitPart.h">
      <Filter>头文件</Filter>
    </ClInclude>
    <ClInclude Include="cheat\CLASS\NetworkBase.h">
      <Filter>头文件</Filter>
    </ClInclude>
    <ClInclude Include="cheat\CLASS\PickItem.h">
      <Filter>头文件</Filter>
    </ClInclude>
    <ClInclude Include="cheat\CLASS\PickItemDataConfig.h">
      <Filter>头文件</Filter>
    </ClInclude>
    <ClInclude Include="cheat\CLASS\PickItemNet.h">
      <Filter>头文件</Filter>
    </ClInclude>
    <ClInclude Include="cheat\CLASS\Role.h">
      <Filter>头文件</Filter>
    </ClInclude>
    <ClInclude Include="cheat\CLASS\RoleNet.h">
      <Filter>头文件</Filter>
    </ClInclude>
    <ClInclude Include="cheat\CLASS\SOCarDataConfig.h">
      <Filter>头文件</Filter>
    </ClInclude>
    <ClInclude Include="cheat\CLASS\SOWeaponControl.h">
      <Filter>头文件</Filter>
    </ClInclude>
    <ClInclude Include="cheat\CLASS\UpRecoilInfo.h">
      <Filter>头文件</Filter>
    </ClInclude>
    <ClInclude Include="cheat\features\misc\Camera\CameraList.h">
      <Filter>头文件</Filter>
    </ClInclude>
    <ClInclude Include="cheat\features\pickitem\esp\PickitemEsp.h">
      <Filter>头文件</Filter>
    </ClInclude>
    <ClInclude Include="cheat\features\pickitem\list\PickitemList.h">
      <Filter>头文件</Filter>
    </ClInclude>
    <ClInclude Include="cheat\features\role\esp\RoleEsp.h">
      <Filter>头文件</Filter>
    </ClInclude>
    <ClInclude Include="cheat\features\role\list\RoleList.h">
      <Filter>头文件</Filter>
    </ClInclude>
    <ClInclude Include="cheat\CLASS\RoleControl.h">
      <Filter>头文件</Filter>
    </ClInclude>
    <ClInclude Include="cheat\CLASS\RoleLogic.h">
      <Filter>头文件</Filter>
    </ClInclude>
  </ItemGroup>
  <ItemGroup>
    <ResourceCompile Include="Resource\Resource.rc">
      <Filter>资源文件</Filter>
    </ResourceCompile>
  </ItemGroup>
  <ItemGroup>
    <None Include="Resource\Resource.aps" />
  </ItemGroup>
</Project>