<?xml version="1.0" encoding="utf-8"?>
<Project ToolsVersion="4.0" xmlns="http://schemas.microsoft.com/developer/msbuild/2003">
  <ItemGroup>
    <Filter Include="源文件">
      <UniqueIdentifier>{4FC737F1-C7A5-4376-A066-2A32D752A2FF}</UniqueIdentifier>
      <Extensions>cpp;c;cc;cxx;c++;cppm;ixx;def;odl;idl;hpj;bat;asm;asmx</Extensions>
    </Filter>
    <Filter Include="头文件">
      <UniqueIdentifier>{93995380-89BD-4b04-88EB-625FBE52EBFB}</UniqueIdentifier>
      <Extensions>h;hh;hpp;hxx;h++;hm;inl;inc;ipp;xsd</Extensions>
    </Filter>
    <Filter Include="资源文件">
      <UniqueIdentifier>{67DA6AB6-F800-4c08-8B7A-83BB121AAD01}</UniqueIdentifier>
      <Extensions>rc;ico;cur;bmp;dlg;rc2;rct;bin;rgs;gif;jpg;jpeg;jpe;resx;tiff;tif;png;wav;mfcribbon-ms</Extensions>
    </Filter>
  </ItemGroup>
  <ItemGroup>
    <ClCompile Include="dllmain.cpp">
      <Filter>源文件</Filter>
    </ClCompile>
    <ClCompile Include="library\imgui\Font.cpp">
      <Filter>源文件</Filter>
    </ClCompile>
    <ClCompile Include="library\imgui\imgui.cpp">
      <Filter>源文件</Filter>
    </ClCompile>
    <ClCompile Include="library\imgui\imgui_demo.cpp">
      <Filter>源文件</Filter>
    </ClCompile>
    <ClCompile Include="library\imgui\imgui_draw.cpp">
      <Filter>源文件</Filter>
    </ClCompile>
    <ClCompile Include="library\imgui\imgui_impl_dx11.cpp">
      <Filter>源文件</Filter>
    </ClCompile>
    <ClCompile Include="library\imgui\imgui_impl_win32.cpp">
      <Filter>源文件</Filter>
    </ClCompile>
    <ClCompile Include="library\imgui\imgui_tables.cpp">
      <Filter>源文件</Filter>
    </ClCompile>
    <ClCompile Include="library\imgui\imgui_widgets.cpp">
      <Filter>源文件</Filter>
    </ClCompile>
    <ClCompile Include="library\imgui\implot.cpp">
      <Filter>源文件</Filter>
    </ClCompile>
    <ClCompile Include="library\imgui\implot_demo.cpp">
      <Filter>源文件</Filter>
    </ClCompile>
    <ClCompile Include="library\imgui\implot_items.cpp">
      <Filter>源文件</Filter>
    </ClCompile>
    <ClCompile Include="main\main.cpp">
      <Filter>源文件</Filter>
    </ClCompile>
    <ClCompile Include="main\features.cpp">
      <Filter>源文件</Filter>
    </ClCompile>
    <ClCompile Include="main\features\player\list\PlayerList.cpp">
      <Filter>源文件</Filter>
    </ClCompile>
    <ClCompile Include="main\features\camera\list\CameraList.cpp">
      <Filter>源文件</Filter>
    </ClCompile>
    <ClCompile Include="main\features\player\esp\PlayerEsp.cpp">
      <Filter>源文件</Filter>
    </ClCompile>
    <ClCompile Include="main\features\items\list\ItemList.cpp">
      <Filter>源文件</Filter>
    </ClCompile>
    <ClCompile Include="main\features\items\esp\ItemEsp.cpp">
      <Filter>源文件</Filter>
    </ClCompile>
    <ClCompile Include="main\features\setting\setting.cpp">
      <Filter>源文件</Filter>
    </ClCompile>
    <ClCompile Include="main\features\player\aim\PlayerAim.cpp">
      <Filter>源文件</Filter>
    </ClCompile>
    <ClCompile Include="main\features\memory\player\PlayerMemory.cpp">
      <Filter>源文件</Filter>
    </ClCompile>
    <ClCompile Include="main\features\setting\debug.cpp">
      <Filter>源文件</Filter>
    </ClCompile>
    <ClCompile Include="library\veh.cpp">
      <Filter>源文件</Filter>
    </ClCompile>
    <ClCompile Include="main\features\memory\weapon\WeaponMemory.cpp">
      <Filter>源文件</Filter>
    </ClCompile>
    <ClCompile Include="main\features\setting\analyze.cpp">
      <Filter>源文件</Filter>
    </ClCompile>
    <ClCompile Include="main\features\cars\list\CarList.cpp">
      <Filter>源文件</Filter>
    </ClCompile>
    <ClCompile Include="main\features\cars\esp\CarEsp.cpp">
      <Filter>源文件</Filter>
    </ClCompile>
    <ClCompile Include="main\features\player\antiAim\AntiAim.cpp">
      <Filter>源文件</Filter>
    </ClCompile>
  </ItemGroup>
  <ItemGroup>
    <ClInclude Include="library\Console.hpp">
      <Filter>头文件</Filter>
    </ClInclude>
    <ClInclude Include="library\d3d11Hook.h">
      <Filter>头文件</Filter>
    </ClInclude>
    <ClInclude Include="library\HotKey.hpp">
      <Filter>头文件</Filter>
    </ClInclude>
    <ClInclude Include="library\json.hpp">
      <Filter>头文件</Filter>
    </ClInclude>
    <ClInclude Include="library\UnityResolve.hpp">
      <Filter>头文件</Filter>
    </ClInclude>
    <ClInclude Include="library\imgui\Font.h">
      <Filter>头文件</Filter>
    </ClInclude>
    <ClInclude Include="library\imgui\imconfig.h">
      <Filter>头文件</Filter>
    </ClInclude>
    <ClInclude Include="library\imgui\imgui.h">
      <Filter>头文件</Filter>
    </ClInclude>
    <ClInclude Include="library\imgui\imgui_impl_dx11.h">
      <Filter>头文件</Filter>
    </ClInclude>
    <ClInclude Include="library\imgui\imgui_impl_win32.h">
      <Filter>头文件</Filter>
    </ClInclude>
    <ClInclude Include="library\imgui\imgui_internal.h">
      <Filter>头文件</Filter>
    </ClInclude>
    <ClInclude Include="library\imgui\implot.h">
      <Filter>头文件</Filter>
    </ClInclude>
    <ClInclude Include="library\imgui\implot_internal.h">
      <Filter>头文件</Filter>
    </ClInclude>
    <ClInclude Include="library\imgui\imstb_rectpack.h">
      <Filter>头文件</Filter>
    </ClInclude>
    <ClInclude Include="library\imgui\imstb_textedit.h">
      <Filter>头文件</Filter>
    </ClInclude>
    <ClInclude Include="library\imgui\imstb_truetype.h">
      <Filter>头文件</Filter>
    </ClInclude>
    <ClInclude Include="main\main.h">
      <Filter>头文件</Filter>
    </ClInclude>
    <ClInclude Include="main\features\player\list\PlayerList.h">
      <Filter>头文件</Filter>
    </ClInclude>
    <ClInclude Include="main\GameDefine\AntiCheat\InjectionDetector.h">
      <Filter>头文件</Filter>
    </ClInclude>
    <ClInclude Include="main\GameDefine\AntiCheat\ObscuredCheatingDetector.h">
      <Filter>头文件</Filter>
    </ClInclude>
    <ClInclude Include="main\features\camera\list\CameraList.h">
      <Filter>头文件</Filter>
    </ClInclude>
    <ClInclude Include="main\features\player\esp\PlayerEsp.h">
      <Filter>头文件</Filter>
    </ClInclude>
    <ClInclude Include="main\GameDefine\Pickitem\PickItem.h">
      <Filter>头文件</Filter>
    </ClInclude>
    <ClInclude Include="main\GameDefine\Pickitem\PickItemDataConfig.h">
      <Filter>头文件</Filter>
    </ClInclude>
    <ClInclude Include="main\features\items\list\ItemList.h">
      <Filter>头文件</Filter>
    </ClInclude>
    <ClInclude Include="main\features\items\esp\ItemEsp.h">
      <Filter>头文件</Filter>
    </ClInclude>
    <ClInclude Include="main\GameDefine\Pickitem\PickItemNet.h">
      <Filter>头文件</Filter>
    </ClInclude>
    <ClInclude Include="main\features\setting\setting.h">
      <Filter>头文件</Filter>
    </ClInclude>
    <ClInclude Include="main\GameDefine\Role\Role.h">
      <Filter>头文件</Filter>
    </ClInclude>
    <ClInclude Include="main\GameDefine\Role\RoleLogic.h">
      <Filter>头文件</Filter>
    </ClInclude>
    <ClInclude Include="main\GameDefine\Role\RoleControl.h">
      <Filter>头文件</Filter>
    </ClInclude>
    <ClInclude Include="main\GameDefine\Role\RoleControlBase.h">
      <Filter>头文件</Filter>
    </ClInclude>
    <ClInclude Include="main\GameDefine\Animator\AnimatorControl.h">
      <Filter>头文件</Filter>
    </ClInclude>
    <ClInclude Include="main\features\player\aim\PlayerAim.h">
      <Filter>头文件</Filter>
    </ClInclude>
    <ClInclude Include="main\features\memory\player\PlayerMemory.h">
      <Filter>头文件</Filter>
    </ClInclude>
    <ClInclude Include="main\features\setting\debug.h">
      <Filter>头文件</Filter>
    </ClInclude>
    <ClInclude Include="main\GameDefine\Camera\CameraMove.hpp">
      <Filter>头文件</Filter>
    </ClInclude>
    <ClInclude Include="library\veh.h">
      <Filter>头文件</Filter>
    </ClInclude>
    <ClInclude Include="main\features\memory\weapon\WeaponMemory.h">
      <Filter>头文件</Filter>
    </ClInclude>
    <ClInclude Include="main\GameDefine\Weapon\SOWeaponControl.h">
      <Filter>头文件</Filter>
    </ClInclude>
    <ClInclude Include="main\GameDefine\Weapon\BulletSpeedAndGravity.h">
      <Filter>头文件</Filter>
    </ClInclude>
    <ClInclude Include="main\GameDefine\Weapon\UpRecoilInfo.h">
      <Filter>头文件</Filter>
    </ClInclude>
    <ClInclude Include="main\GameDefine\Role\HitPart.h">
      <Filter>头文件</Filter>
    </ClInclude>
    <ClInclude Include="main\features\setting\analyze.h">
      <Filter>头文件</Filter>
    </ClInclude>
    <ClInclude Include="main\GameDefine\Car\Car.h">
      <Filter>头文件</Filter>
    </ClInclude>
    <ClInclude Include="main\GameDefine\Car\SOCarDataConfig.h">
      <Filter>头文件</Filter>
    </ClInclude>
    <ClInclude Include="main\GameDefine\Car\CarNet.h">
      <Filter>头文件</Filter>
    </ClInclude>
    <ClInclude Include="main\GameDefine\Network\NetworkBase.h">
      <Filter>头文件</Filter>
    </ClInclude>
    <ClInclude Include="main\features\cars\list\CarList.h">
      <Filter>头文件</Filter>
    </ClInclude>
    <ClInclude Include="main\features\cars\esp\CarEsp.h">
      <Filter>头文件</Filter>
    </ClInclude>
    <ClInclude Include="main\GameDefine\Role\RoleLogicServer.h">
      <Filter>头文件</Filter>
    </ClInclude>
    <ClInclude Include="library\detours\detours.h">
      <Filter>头文件</Filter>
    </ClInclude>
    <ClInclude Include="library\detours\HookManager.h">
      <Filter>头文件</Filter>
    </ClInclude>
    <ClInclude Include="main\GameDefine\AntiCheat\InjectionDetectedEventHandler.h">
      <Filter>头文件</Filter>
    </ClInclude>
    <ClInclude Include="main\GameDefine\Role\RoleNet.h">
      <Filter>头文件</Filter>
    </ClInclude>
    <ClInclude Include="main\GameDefine\Network\IGameWorldMessage.h">
      <Filter>头文件</Filter>
    </ClInclude>
    <ClInclude Include="main\features\player\antiAim\AntiAim.h">
      <Filter>头文件</Filter>
    </ClInclude>
  </ItemGroup>
  <ItemGroup>
    <Library Include="library\detours\[x64]detours.lib" />
    <Library Include="library\detours\[x86]detours.lib" />
  </ItemGroup>
</Project>